// !$*UTF8*$!
{
	archiveVersion = 1;
	classes = {
	};
	objectVersion = 46;
	objects = {

/* Begin PBXBuildFile section */
		870F844116754EA800486F46 /* Cocoa.framework in Frameworks */ = {isa = PBXBuildFile; fileRef = 870F844016754EA800486F46 /* Cocoa.framework */; };
		870F844316754EA800486F46 /* PreferencePanes.framework in Frameworks */ = {isa = PBXBuildFile; fileRef = 870F844216754EA800486F46 /* PreferencePanes.framework */; };
		870F844D16754EA800486F46 /* InfoPlist.strings in Resources */ = {isa = PBXBuildFile; fileRef = 870F844B16754EA800486F46 /* InfoPlist.strings */; };
		870F845116754EA800486F46 /* DWXBoxHIDPrefsPane.m in Sources */ = {isa = PBXBuildFile; fileRef = 870F845016754EA800486F46 /* DWXBoxHIDPrefsPane.m */; };
		870F845616754EA800486F46 /* DWXBoxHIDPrefsPane.xib in Resources */ = {isa = PBXBuildFile; fileRef = 870F845416754EA800486F46 /* DWXBoxHIDPrefsPane.xib */; };
		870F84A31675532600486F46 /* DWActionableTextField.h in Headers */ = {isa = PBXBuildFile; fileRef = 870F84911675532600486F46 /* DWActionableTextField.h */; };
		870F84A41675532600486F46 /* DWActionableTextField.m in Sources */ = {isa = PBXBuildFile; fileRef = 870F84921675532600486F46 /* DWActionableTextField.m */; };
		870F84A51675532600486F46 /* DWAxisPairView.h in Headers */ = {isa = PBXBuildFile; fileRef = 870F84931675532600486F46 /* DWAxisPairView.h */; };
		870F84A61675532600486F46 /* DWAxisPairView.m in Sources */ = {isa = PBXBuildFile; fileRef = 870F84941675532600486F46 /* DWAxisPairView.m */; };
		870F84A71675532600486F46 /* DWButtonView.h in Headers */ = {isa = PBXBuildFile; fileRef = 870F84951675532600486F46 /* DWButtonView.h */; };
		870F84A81675532600486F46 /* DWButtonView.m in Sources */ = {isa = PBXBuildFile; fileRef = 870F84961675532600486F46 /* DWButtonView.m */; };
		870F84A91675532600486F46 /* DWDPadView.h in Headers */ = {isa = PBXBuildFile; fileRef = 870F84971675532600486F46 /* DWDPadView.h */; };
		870F84AA1675532600486F46 /* DWDPadView.m in Sources */ = {isa = PBXBuildFile; fileRef = 870F84981675532600486F46 /* DWDPadView.m */; };
		870F84AB1675532600486F46 /* DWHIDUtilities.h in Headers */ = {isa = PBXBuildFile; fileRef = 870F84991675532600486F46 /* DWHIDUtilities.h */; };
		870F84AC1675532600486F46 /* DWHIDUtilities.m in Sources */ = {isa = PBXBuildFile; fileRef = 870F849A1675532600486F46 /* DWHIDUtilities.m */; };
		870F84AD1675532600486F46 /* DWTriggerView.h in Headers */ = {isa = PBXBuildFile; fileRef = 870F849B1675532600486F46 /* DWTriggerView.h */; };
		870F84AE1675532600486F46 /* DWTriggerView.m in Sources */ = {isa = PBXBuildFile; fileRef = 870F849C1675532600486F46 /* DWTriggerView.m */; };
		870F84AF1675532600486F46 /* DWXBoxHIDNotifier.h in Headers */ = {isa = PBXBuildFile; fileRef = 870F849D1675532600486F46 /* DWXBoxHIDNotifier.h */; };
		870F84B01675532600486F46 /* DWXBoxHIDNotifier.m in Sources */ = {isa = PBXBuildFile; fileRef = 870F849E1675532600486F46 /* DWXBoxHIDNotifier.m */; };
		870F84B21675532600486F46 /* DWXBoxHIDPrefsPane-Prefix.pch in Headers */ = {isa = PBXBuildFile; fileRef = 870F84A01675532600486F46 /* DWXBoxHIDPrefsPane-Prefix.pch */; };
		870F84B91675534100486F46 /* controller64.tif in Resources */ = {isa = PBXBuildFile; fileRef = 870F84B51675534100486F46 /* controller64.tif */; };
		870F84BA1675534100486F46 /* DWXBoxHIDPrefsPane.tif in Resources */ = {isa = PBXBuildFile; fileRef = 870F84B61675534100486F46 /* DWXBoxHIDPrefsPane.tif */; };
		870F84BB1675534100486F46 /* remote64.tif in Resources */ = {isa = PBXBuildFile; fileRef = 870F84B71675534100486F46 /* remote64.tif */; };
		870F84BC1675534100486F46 /* xboxhid.icns in Resources */ = {isa = PBXBuildFile; fileRef = 870F84B81675534100486F46 /* xboxhid.icns */; };
		870F84C11675538500486F46 /* DWXBoxHIDDriverKeys.h in Headers */ = {isa = PBXBuildFile; fileRef = 870F84C01675538500486F46 /* DWXBoxHIDDriverKeys.h */; };
		870F84C6167553A000486F46 /* DWXBoxHIDDriverInterface.h in Headers */ = {isa = PBXBuildFile; fileRef = 870F84C2167553A000486F46 /* DWXBoxHIDDriverInterface.h */; };
		870F84C7167553A000486F46 /* DWXBoxHIDDriverInterface.m in Sources */ = {isa = PBXBuildFile; fileRef = 870F84C3167553A000486F46 /* DWXBoxHIDDriverInterface.m */; };
		870F84C8167553A000486F46 /* DWXBoxHIDPrefsLoader.h in Headers */ = {isa = PBXBuildFile; fileRef = 870F84C4167553A000486F46 /* DWXBoxHIDPrefsLoader.h */; };
		870F84C9167553A000486F46 /* DWXBoxHIDPrefsLoader.m in Sources */ = {isa = PBXBuildFile; fileRef = 870F84C5167553A000486F46 /* DWXBoxHIDPrefsLoader.m */; };
		87EBDA3116768C4C00F77972 /* IOKit.framework in Frameworks */ = {isa = PBXBuildFile; fileRef = 87EBDA3016768C4B00F77972 /* IOKit.framework */; };
/* End PBXBuildFile section */

/* Begin PBXFileReference section */
		870F843D16754EA800486F46 /* XBoxHIDPrefsPane.prefPane */ = {isa = PBXFileReference; explicitFileType = wrapper.cfbundle; includeInIndex = 0; path = XBoxHIDPrefsPane.prefPane; sourceTree = BUILT_PRODUCTS_DIR; };
		870F844016754EA800486F46 /* Cocoa.framework */ = {isa = PBXFileReference; lastKnownFileType = wrapper.framework; name = Cocoa.framework; path = System/Library/Frameworks/Cocoa.framework; sourceTree = SDKROOT; };
		870F844216754EA800486F46 /* PreferencePanes.framework */ = {isa = PBXFileReference; lastKnownFileType = wrapper.framework; name = PreferencePanes.framework; path = System/Library/Frameworks/PreferencePanes.framework; sourceTree = SDKROOT; };
		870F844516754EA800486F46 /* AppKit.framework */ = {isa = PBXFileReference; lastKnownFileType = wrapper.framework; name = AppKit.framework; path = System/Library/Frameworks/AppKit.framework; sourceTree = SDKROOT; };
		870F844616754EA800486F46 /* CoreData.framework */ = {isa = PBXFileReference; lastKnownFileType = wrapper.framework; name = CoreData.framework; path = System/Library/Frameworks/CoreData.framework; sourceTree = SDKROOT; };
		870F844716754EA800486F46 /* Foundation.framework */ = {isa = PBXFileReference; lastKnownFileType = wrapper.framework; name = Foundation.framework; path = System/Library/Frameworks/Foundation.framework; sourceTree = SDKROOT; };
		870F844A16754EA800486F46 /* Info-DWXBoxHIDPrefsPane__Upgraded_.plist */ = {isa = PBXFileReference; lastKnownFileType = text.plist.xml; path = "Info-DWXBoxHIDPrefsPane__Upgraded_.plist"; sourceTree = "<group>"; };
		870F844C16754EA800486F46 /* en */ = {isa = PBXFileReference; lastKnownFileType = text.plist.strings; name = en; path = en.lproj/InfoPlist.strings; sourceTree = "<group>"; };
		870F844E16754EA800486F46 /* DWXBoxHIDPrefsPane-Prefix.pch */ = {isa = PBXFileReference; lastKnownFileType = sourcecode.c.h; path = "DWXBoxHIDPrefsPane-Prefix.pch"; sourceTree = "<group>"; };
		870F844F16754EA800486F46 /* DWXBoxHIDPrefsPane.h */ = {isa = PBXFileReference; lastKnownFileType = sourcecode.c.h; path = DWXBoxHIDPrefsPane.h; sourceTree = "<group>"; };
		870F845016754EA800486F46 /* DWXBoxHIDPrefsPane.m */ = {isa = PBXFileReference; lastKnownFileType = sourcecode.c.objc; path = DWXBoxHIDPrefsPane.m; sourceTree = "<group>"; };
		870F845516754EA800486F46 /* en */ = {isa = PBXFileReference; lastKnownFileType = file.xib; name = en; path = en.lproj/DWXBoxHIDPrefsPane.xib; sourceTree = "<group>"; };
		870F84911675532600486F46 /* DWActionableTextField.h */ = {isa = PBXFileReference; fileEncoding = 4; lastKnownFileType = sourcecode.c.h; path = DWActionableTextField.h; sourceTree = "<group>"; };
		870F84921675532600486F46 /* DWActionableTextField.m */ = {isa = PBXFileReference; fileEncoding = 4; lastKnownFileType = sourcecode.c.objc; path = DWActionableTextField.m; sourceTree = "<group>"; };
		870F84931675532600486F46 /* DWAxisPairView.h */ = {isa = PBXFileReference; fileEncoding = 4; lastKnownFileType = sourcecode.c.h; path = DWAxisPairView.h; sourceTree = "<group>"; };
		870F84941675532600486F46 /* DWAxisPairView.m */ = {isa = PBXFileReference; fileEncoding = 4; lastKnownFileType = sourcecode.c.objc; path = DWAxisPairView.m; sourceTree = "<group>"; };
		870F84951675532600486F46 /* DWButtonView.h */ = {isa = PBXFileReference; fileEncoding = 4; lastKnownFileType = sourcecode.c.h; path = DWButtonView.h; sourceTree = "<group>"; };
		870F84961675532600486F46 /* DWButtonView.m */ = {isa = PBXFileReference; fileEncoding = 4; lastKnownFileType = sourcecode.c.objc; path = DWButtonView.m; sourceTree = "<group>"; };
		870F84971675532600486F46 /* DWDPadView.h */ = {isa = PBXFileReference; fileEncoding = 4; lastKnownFileType = sourcecode.c.h; path = DWDPadView.h; sourceTree = "<group>"; };
		870F84981675532600486F46 /* DWDPadView.m */ = {isa = PBXFileReference; fileEncoding = 4; lastKnownFileType = sourcecode.c.objc; path = DWDPadView.m; sourceTree = "<group>"; };
		870F84991675532600486F46 /* DWHIDUtilities.h */ = {isa = PBXFileReference; fileEncoding = 4; lastKnownFileType = sourcecode.c.h; path = DWHIDUtilities.h; sourceTree = "<group>"; };
		870F849A1675532600486F46 /* DWHIDUtilities.m */ = {isa = PBXFileReference; fileEncoding = 4; lastKnownFileType = sourcecode.c.objc; path = DWHIDUtilities.m; sourceTree = "<group>"; };
		870F849B1675532600486F46 /* DWTriggerView.h */ = {isa = PBXFileReference; fileEncoding = 4; lastKnownFileType = sourcecode.c.h; path = DWTriggerView.h; sourceTree = "<group>"; };
		870F849C1675532600486F46 /* DWTriggerView.m */ = {isa = PBXFileReference; fileEncoding = 4; lastKnownFileType = sourcecode.c.objc; path = DWTriggerView.m; sourceTree = "<group>"; };
		870F849D1675532600486F46 /* DWXBoxHIDNotifier.h */ = {isa = PBXFileReference; fileEncoding = 4; lastKnownFileType = sourcecode.c.h; path = DWXBoxHIDNotifier.h; sourceTree = "<group>"; };
		870F849E1675532600486F46 /* DWXBoxHIDNotifier.m */ = {isa = PBXFileReference; fileEncoding = 4; lastKnownFileType = sourcecode.c.objc; path = DWXBoxHIDNotifier.m; sourceTree = "<group>"; };
		870F84A01675532600486F46 /* DWXBoxHIDPrefsPane-Prefix.pch */ = {isa = PBXFileReference; fileEncoding = 4; lastKnownFileType = sourcecode.c.h; path = "DWXBoxHIDPrefsPane-Prefix.pch"; sourceTree = "<group>"; };
		870F84B51675534100486F46 /* controller64.tif */ = {isa = PBXFileReference; lastKnownFileType = image.tiff; name = controller64.tif; path = Resources/controller64.tif; sourceTree = "<group>"; };
		870F84B61675534100486F46 /* DWXBoxHIDPrefsPane.tif */ = {isa = PBXFileReference; lastKnownFileType = image.tiff; name = DWXBoxHIDPrefsPane.tif; path = Resources/DWXBoxHIDPrefsPane.tif; sourceTree = "<group>"; };
		870F84B71675534100486F46 /* remote64.tif */ = {isa = PBXFileReference; lastKnownFileType = image.tiff; name = remote64.tif; path = Resources/remote64.tif; sourceTree = "<group>"; };
		870F84B81675534100486F46 /* xboxhid.icns */ = {isa = PBXFileReference; lastKnownFileType = image.icns; name = xboxhid.icns; path = Resources/xboxhid.icns; sourceTree = "<group>"; };
		870F84C01675538500486F46 /* DWXBoxHIDDriverKeys.h */ = {isa = PBXFileReference; fileEncoding = 4; lastKnownFileType = sourcecode.c.h; name = DWXBoxHIDDriverKeys.h; path = ../DWXBoxHIDDriver/DWXBoxHIDDriverKeys.h; sourceTree = "<group>"; };
		870F84C2167553A000486F46 /* DWXBoxHIDDriverInterface.h */ = {isa = PBXFileReference; fileEncoding = 4; lastKnownFileType = sourcecode.c.h; name = DWXBoxHIDDriverInterface.h; path = ../DWXBoxHIDDriver/DWXBoxHIDDriverInterface.h; sourceTree = "<group>"; };
		870F84C3167553A000486F46 /* DWXBoxHIDDriverInterface.m */ = {isa = PBXFileReference; fileEncoding = 4; lastKnownFileType = sourcecode.c.objc; name = DWXBoxHIDDriverInterface.m; path = ../DWXBoxHIDDriver/DWXBoxHIDDriverInterface.m; sourceTree = "<group>"; };
		870F84C4167553A000486F46 /* DWXBoxHIDPrefsLoader.h */ = {isa = PBXFileReference; fileEncoding = 4; lastKnownFileType = sourcecode.c.h; name = DWXBoxHIDPrefsLoader.h; path = ../DWXBoxHIDDriver/DWXBoxHIDPrefsLoader.h; sourceTree = "<group>"; };
		870F84C5167553A000486F46 /* DWXBoxHIDPrefsLoader.m */ = {isa = PBXFileReference; fileEncoding = 4; lastKnownFileType = sourcecode.c.objc; name = DWXBoxHIDPrefsLoader.m; path = ../DWXBoxHIDDriver/DWXBoxHIDPrefsLoader.m; sourceTree = "<group>"; };
		87EBDA3016768C4B00F77972 /* IOKit.framework */ = {isa = PBXFileReference; lastKnownFileType = wrapper.framework; name = IOKit.framework; path = System/Library/Frameworks/IOKit.framework; sourceTree = SDKROOT; };
/* End PBXFileReference section */

/* Begin PBXFrameworksBuildPhase section */
		870F843816754EA800486F46 /* Frameworks */ = {
			isa = PBXFrameworksBuildPhase;
			buildActionMask = 2147483647;
			files = (
				87EBDA3116768C4C00F77972 /* IOKit.framework in Frameworks */,
				870F844116754EA800486F46 /* Cocoa.framework in Frameworks */,
				870F844316754EA800486F46 /* PreferencePanes.framework in Frameworks */,
			);
			runOnlyForDeploymentPostprocessing = 0;
		};
/* End PBXFrameworksBuildPhase section */

/* Begin PBXGroup section */
		870F843016754EA800486F46 = {
			isa = PBXGroup;
			children = (
				87EBDA3016768C4B00F77972 /* IOKit.framework */,
				870F844816754EA800486F46 /* DWXBoxHIDPrefsPane */,
				870F843F16754EA800486F46 /* Frameworks */,
				870F843E16754EA800486F46 /* Products */,
			);
			sourceTree = "<group>";
		};
		870F843E16754EA800486F46 /* Products */ = {
			isa = PBXGroup;
			children = (
				870F843D16754EA800486F46 /* XBoxHIDPrefsPane.prefPane */,
			);
			name = Products;
			sourceTree = "<group>";
		};
		870F843F16754EA800486F46 /* Frameworks */ = {
			isa = PBXGroup;
			children = (
				870F844016754EA800486F46 /* Cocoa.framework */,
				870F844216754EA800486F46 /* PreferencePanes.framework */,
				870F844416754EA800486F46 /* Other Frameworks */,
			);
			name = Frameworks;
			sourceTree = "<group>";
		};
		870F844416754EA800486F46 /* Other Frameworks */ = {
			isa = PBXGroup;
			children = (
				870F844516754EA800486F46 /* AppKit.framework */,
				870F844616754EA800486F46 /* CoreData.framework */,
				870F844716754EA800486F46 /* Foundation.framework */,
			);
			name = "Other Frameworks";
			sourceTree = "<group>";
		};
		870F844816754EA800486F46 /* DWXBoxHIDPrefsPane */ = {
			isa = PBXGroup;
			children = (
				870F84911675532600486F46 /* DWActionableTextField.h */,
				870F84921675532600486F46 /* DWActionableTextField.m */,
				870F84931675532600486F46 /* DWAxisPairView.h */,
				870F84941675532600486F46 /* DWAxisPairView.m */,
				870F84951675532600486F46 /* DWButtonView.h */,
				870F84961675532600486F46 /* DWButtonView.m */,
				870F84971675532600486F46 /* DWDPadView.h */,
				870F84981675532600486F46 /* DWDPadView.m */,
				870F84991675532600486F46 /* DWHIDUtilities.h */,
				870F849A1675532600486F46 /* DWHIDUtilities.m */,
				870F849B1675532600486F46 /* DWTriggerView.h */,
				870F849C1675532600486F46 /* DWTriggerView.m */,
				870F849D1675532600486F46 /* DWXBoxHIDNotifier.h */,
				870F849E1675532600486F46 /* DWXBoxHIDNotifier.m */,
				870F84A01675532600486F46 /* DWXBoxHIDPrefsPane-Prefix.pch */,
				870F844F16754EA800486F46 /* DWXBoxHIDPrefsPane.h */,
				870F845016754EA800486F46 /* DWXBoxHIDPrefsPane.m */,
				870F845416754EA800486F46 /* DWXBoxHIDPrefsPane.xib */,
				870F844916754EA800486F46 /* Supporting Files */,
			);
			name = DWXBoxHIDPrefsPane;
			sourceTree = "<group>";
		};
		870F844916754EA800486F46 /* Supporting Files */ = {
			isa = PBXGroup;
			children = (
				870F84C2167553A000486F46 /* DWXBoxHIDDriverInterface.h */,
				870F84C3167553A000486F46 /* DWXBoxHIDDriverInterface.m */,
				870F84C4167553A000486F46 /* DWXBoxHIDPrefsLoader.h */,
				870F84C5167553A000486F46 /* DWXBoxHIDPrefsLoader.m */,
				870F84C01675538500486F46 /* DWXBoxHIDDriverKeys.h */,
				870F84B51675534100486F46 /* controller64.tif */,
				870F84B61675534100486F46 /* DWXBoxHIDPrefsPane.tif */,
				870F84B71675534100486F46 /* remote64.tif */,
				870F84B81675534100486F46 /* xboxhid.icns */,
				870F844A16754EA800486F46 /* Info-DWXBoxHIDPrefsPane__Upgraded_.plist */,
				870F844B16754EA800486F46 /* InfoPlist.strings */,
				870F844E16754EA800486F46 /* DWXBoxHIDPrefsPane-Prefix.pch */,
			);
			name = "Supporting Files";
			sourceTree = "<group>";
		};
/* End PBXGroup section */

/* Begin PBXHeadersBuildPhase section */
		870F843916754EA800486F46 /* Headers */ = {
			isa = PBXHeadersBuildPhase;
			buildActionMask = 2147483647;
			files = (
				870F84A31675532600486F46 /* DWActionableTextField.h in Headers */,
				870F84A51675532600486F46 /* DWAxisPairView.h in Headers */,
				870F84A71675532600486F46 /* DWButtonView.h in Headers */,
				870F84A91675532600486F46 /* DWDPadView.h in Headers */,
				870F84AB1675532600486F46 /* DWHIDUtilities.h in Headers */,
				870F84AD1675532600486F46 /* DWTriggerView.h in Headers */,
				870F84AF1675532600486F46 /* DWXBoxHIDNotifier.h in Headers */,
				870F84B21675532600486F46 /* DWXBoxHIDPrefsPane-Prefix.pch in Headers */,
				870F84C11675538500486F46 /* DWXBoxHIDDriverKeys.h in Headers */,
				870F84C6167553A000486F46 /* DWXBoxHIDDriverInterface.h in Headers */,
				870F84C8167553A000486F46 /* DWXBoxHIDPrefsLoader.h in Headers */,
			);
			runOnlyForDeploymentPostprocessing = 0;
		};
/* End PBXHeadersBuildPhase section */

/* Begin PBXNativeTarget section */
		870F843C16754EA800486F46 /* DWXBoxHIDPrefsPane */ = {
			isa = PBXNativeTarget;
			buildConfigurationList = 870F845916754EA800486F46 /* Build configuration list for PBXNativeTarget "DWXBoxHIDPrefsPane" */;
			buildPhases = (
				870F843716754EA800486F46 /* Sources */,
				870F843816754EA800486F46 /* Frameworks */,
				870F843916754EA800486F46 /* Headers */,
				870F843A16754EA800486F46 /* Resources */,
				870F843B16754EA800486F46 /* Rez */,
			);
			buildRules = (
			);
			dependencies = (
			);
			name = DWXBoxHIDPrefsPane;
			productName = DWXBoxHIDPrefsPane;
			productReference = 870F843D16754EA800486F46 /* XBoxHIDPrefsPane.prefPane */;
			productType = "com.apple.product-type.bundle";
		};
/* End PBXNativeTarget section */

/* Begin PBXProject section */
		870F843216754EA800486F46 /* Project object */ = {
			isa = PBXProject;
			attributes = {
				LastUpgradeCheck = 0440;
			};
			buildConfigurationList = 870F843516754EA800486F46 /* Build configuration list for PBXProject "DWXBoxHIDPrefsPane" */;
			compatibilityVersion = "Xcode 3.2";
			developmentRegion = English;
			hasScannedForEncodings = 0;
			knownRegions = (
				en,
			);
			mainGroup = 870F843016754EA800486F46;
			productRefGroup = 870F843E16754EA800486F46 /* Products */;
			projectDirPath = "";
			projectRoot = "";
			targets = (
				870F843C16754EA800486F46 /* DWXBoxHIDPrefsPane */,
			);
		};
/* End PBXProject section */

/* Begin PBXResourcesBuildPhase section */
		870F843A16754EA800486F46 /* Resources */ = {
			isa = PBXResourcesBuildPhase;
			buildActionMask = 2147483647;
			files = (
				870F844D16754EA800486F46 /* InfoPlist.strings in Resources */,
				870F845616754EA800486F46 /* DWXBoxHIDPrefsPane.xib in Resources */,
				870F84B91675534100486F46 /* controller64.tif in Resources */,
				870F84BA1675534100486F46 /* DWXBoxHIDPrefsPane.tif in Resources */,
				870F84BB1675534100486F46 /* remote64.tif in Resources */,
				870F84BC1675534100486F46 /* xboxhid.icns in Resources */,
			);
			runOnlyForDeploymentPostprocessing = 0;
		};
/* End PBXResourcesBuildPhase section */

/* Begin PBXRezBuildPhase section */
		870F843B16754EA800486F46 /* Rez */ = {
			isa = PBXRezBuildPhase;
			buildActionMask = 2147483647;
			files = (
			);
			runOnlyForDeploymentPostprocessing = 0;
		};
/* End PBXRezBuildPhase section */

/* Begin PBXSourcesBuildPhase section */
		870F843716754EA800486F46 /* Sources */ = {
			isa = PBXSourcesBuildPhase;
			buildActionMask = 2147483647;
			files = (
				870F845116754EA800486F46 /* DWXBoxHIDPrefsPane.m in Sources */,
				870F84A41675532600486F46 /* DWActionableTextField.m in Sources */,
				870F84A61675532600486F46 /* DWAxisPairView.m in Sources */,
				870F84A81675532600486F46 /* DWButtonView.m in Sources */,
				870F84AA1675532600486F46 /* DWDPadView.m in Sources */,
				870F84AC1675532600486F46 /* DWHIDUtilities.m in Sources */,
				870F84AE1675532600486F46 /* DWTriggerView.m in Sources */,
				870F84B01675532600486F46 /* DWXBoxHIDNotifier.m in Sources */,
				870F84C7167553A000486F46 /* DWXBoxHIDDriverInterface.m in Sources */,
				870F84C9167553A000486F46 /* DWXBoxHIDPrefsLoader.m in Sources */,
			);
			runOnlyForDeploymentPostprocessing = 0;
		};
/* End PBXSourcesBuildPhase section */

/* Begin PBXVariantGroup section */
		870F844B16754EA800486F46 /* InfoPlist.strings */ = {
			isa = PBXVariantGroup;
			children = (
				870F844C16754EA800486F46 /* en */,
			);
			name = InfoPlist.strings;
			sourceTree = "<group>";
		};
		870F845416754EA800486F46 /* DWXBoxHIDPrefsPane.xib */ = {
			isa = PBXVariantGroup;
			children = (
				870F845516754EA800486F46 /* en */,
			);
			name = DWXBoxHIDPrefsPane.xib;
			sourceTree = "<group>";
		};
/* End PBXVariantGroup section */

/* Begin XCBuildConfiguration section */
		870F845716754EA800486F46 /* Debug */ = {
			isa = XCBuildConfiguration;
			buildSettings = {
				ALWAYS_SEARCH_USER_PATHS = NO;
				ARCHS = "$(ARCHS_STANDARD_32_64_BIT)";
				CLANG_CXX_LANGUAGE_STANDARD = "gnu++0x";
				CLANG_ENABLE_OBJC_ARC = NO;
				CLANG_LINK_OBJC_RUNTIME = NO;
				CLANG_WARN__DUPLICATE_METHOD_MATCH = YES;
				COPY_PHASE_STRIP = NO;
				GCC_C_LANGUAGE_STANDARD = gnu99;
				GCC_DYNAMIC_NO_PIC = NO;
				GCC_ENABLE_OBJC_EXCEPTIONS = YES;
				GCC_OPTIMIZATION_LEVEL = 1;
				GCC_PREPROCESSOR_DEFINITIONS = (
					"DEBUG=1",
					"$(inherited)",
				);
				GCC_SYMBOLS_PRIVATE_EXTERN = NO;
				GCC_VERSION = com.apple.compilers.llvm.clang.1_0;
				GCC_WARN_64_TO_32_BIT_CONVERSION = YES;
				GCC_WARN_ABOUT_RETURN_TYPE = YES;
				GCC_WARN_UNINITIALIZED_AUTOS = YES;
				GCC_WARN_UNUSED_VARIABLE = YES;
				MACOSX_DEPLOYMENT_TARGET = 10.6;
				ONLY_ACTIVE_ARCH = NO;
				SDKROOT = macosx10.6;
			};
			name = Debug;
		};
		870F845816754EA800486F46 /* Release */ = {
			isa = XCBuildConfiguration;
			buildSettings = {
				ALWAYS_SEARCH_USER_PATHS = NO;
				ARCHS = "$(ARCHS_STANDARD_32_64_BIT)";
				CLANG_CXX_LANGUAGE_STANDARD = "gnu++0x";
				CLANG_ENABLE_OBJC_ARC = NO;
				CLANG_LINK_OBJC_RUNTIME = NO;
				CLANG_WARN__DUPLICATE_METHOD_MATCH = YES;
				COPY_PHASE_STRIP = YES;
				DEBUG_INFORMATION_FORMAT = "dwarf-with-dsym";
				GCC_C_LANGUAGE_STANDARD = gnu99;
				GCC_ENABLE_OBJC_EXCEPTIONS = YES;
				GCC_VERSION = com.apple.compilers.llvm.clang.1_0;
				GCC_WARN_64_TO_32_BIT_CONVERSION = YES;
				GCC_WARN_ABOUT_RETURN_TYPE = YES;
				GCC_WARN_UNINITIALIZED_AUTOS = YES;
				GCC_WARN_UNUSED_VARIABLE = YES;
				MACOSX_DEPLOYMENT_TARGET = 10.6;
				ONLY_ACTIVE_ARCH = NO;
				SDKROOT = macosx10.6;
			};
			name = Release;
		};
		870F845A16754EA800486F46 /* Debug */ = {
			isa = XCBuildConfiguration;
			buildSettings = {
				ARCHS = "$(ARCHS_STANDARD_32_64_BIT)";
				COMBINE_HIDPI_IMAGES = YES;
				GCC_PRECOMPILE_PREFIX_HEADER = YES;
				GCC_PREFIX_HEADER = "DWXBoxHIDPrefsPane-Prefix.pch";
				INFOPLIST_FILE = "Info-DWXBoxHIDPrefsPane__Upgraded_.plist";
				INSTALL_PATH = "$(HOME)/Library/PreferencePanes";
				PRODUCT_NAME = XBoxHIDPrefsPane;
				WRAPPER_EXTENSION = prefPane;
			};
			name = Debug;
		};
		870F845B16754EA800486F46 /* Release */ = {
			isa = XCBuildConfiguration;
			buildSettings = {
				ARCHS = "$(ARCHS_STANDARD_32_64_BIT)";
				COMBINE_HIDPI_IMAGES = YES;
				GCC_PRECOMPILE_PREFIX_HEADER = YES;
				GCC_PREFIX_HEADER = "DWXBoxHIDPrefsPane-Prefix.pch";
				INFOPLIST_FILE = "Info-DWXBoxHIDPrefsPane__Upgraded_.plist";
				INSTALL_PATH = "$(HOME)/Library/PreferencePanes";
				PRODUCT_NAME = XBoxHIDPrefsPane;
				WRAPPER_EXTENSION = prefPane;
			};
			name = Release;
		};
/* End XCBuildConfiguration section */

/* Begin XCConfigurationList section */
		870F843516754EA800486F46 /* Build configuration list for PBXProject "DWXBoxHIDPrefsPane" */ = {
			isa = XCConfigurationList;
			buildConfigurations = (
				870F845716754EA800486F46 /* Debug */,
				870F845816754EA800486F46 /* Release */,
			);
			defaultConfigurationIsVisible = 0;
			defaultConfigurationName = Release;
		};
		870F845916754EA800486F46 /* Build configuration list for PBXNativeTarget "DWXBoxHIDPrefsPane" */ = {
			isa = XCConfigurationList;
			buildConfigurations = (
				870F845A16754EA800486F46 /* Debug */,
				870F845B16754EA800486F46 /* Release */,
			);
			defaultConfigurationIsVisible = 0;
			defaultConfigurationName = Release;
		};
/* End XCConfigurationList section */
	};
	rootObject = 870F843216754EA800486F46 /* Project object */;
}
